
Microsoft Visual Studio Solution File, Format Version 12.00
# Visual Studio Version 16
VisualStudioVersion = 16.0.29424.173
MinimumVisualStudioVersion = 10.0.40219.1
Project("{9A19103F-16F7-4668-BE54-9A1E7A4F7556}") = "IF.Configuration", "IF.Configuration\IF.Configuration.csproj", "{86E30243-3D67-4794-8E6E-2FF2D8BFE9C6}"
EndProject
Project("{9A19103F-16F7-4668-BE54-9A1E7A4F7556}") = "IF.Validation.FluentValidation", "IF.Validation.FluentValidation\IF.Validation.FluentValidation.csproj", "{2A749F07-A7FF-4058-811C-100C49586493}"
EndProject
Project("{9A19103F-16F7-4668-BE54-9A1E7A4F7556}") = "IF.EventBus.RabbitMQ.Integration", "IF.EventBus.RabbitMQ.Integration\IF.EventBus.RabbitMQ.Integration.csproj", "{DF845461-02C5-4E0A-A798-C5D53698E826}"
EndProject
Project("{9A19103F-16F7-4668-BE54-9A1E7A4F7556}") = "IF.EventBus.Azure", "IF.EventBus.Azure\IF.EventBus.Azure.csproj", "{0B109D85-CBD0-468A-8B06-5BA99E4B9357}"
EndProject
Project("{9A19103F-16F7-4668-BE54-9A1E7A4F7556}") = "IF.EventBus.Azure.Integration", "IF.EventBus.Azure.Integration\IF.EventBus.Azure.Integration.csproj", "{1812AE82-36BC-40F7-818A-40F03C93FC1F}"
EndProject
Project("{9A19103F-16F7-4668-BE54-9A1E7A4F7556}") = "IF.Core", "IF.Core\IF.Core.csproj", "{95504FA0-7454-4E21-8857-C77917FE1799}"
EndProject
Project("{9A19103F-16F7-4668-BE54-9A1E7A4F7556}") = "IF.AutoMapper", "IF.AutoMapper\IF.AutoMapper.csproj", "{5B30C91C-26F4-4CF8-80E6-84B026FD1EBD}"
EndProject
Project("{9A19103F-16F7-4668-BE54-9A1E7A4F7556}") = "IF.DynamicData", "IF.DynamicData\IF.DynamicData.csproj", "{DA2F134E-B15A-4B4F-ABB9-369125C0C05A}"
EndProject
Project("{9A19103F-16F7-4668-BE54-9A1E7A4F7556}") = "IF.Jwt", "IF.Jwt\IF.Jwt.csproj", "{58ACB3A4-ECA4-4E86-936E-3E3B0E0D24DB}"
EndProject
Project("{9A19103F-16F7-4668-BE54-9A1E7A4F7556}") = "IF.Persistence", "IF.Persistence\IF.Persistence.csproj", "{E3383244-F33B-45A3-9A1A-6620BFC33672}"
EndProject
Project("{9A19103F-16F7-4668-BE54-9A1E7A4F7556}") = "IF.EventBus.RabbitMQ", "IF.EventBus.RabbitMQ\IF.EventBus.RabbitMQ.csproj", "{C4B4373D-3377-48FD-8D72-CFCBAAF2F12E}"
EndProject
Project("{9A19103F-16F7-4668-BE54-9A1E7A4F7556}") = "IF.RazorviewEngine", "IF.RazorviewEngine\IF.RazorviewEngine.csproj", "{47C5F335-3145-4CB8-B159-A8FB24D45A5C}"
EndProject
Project("{9A19103F-16F7-4668-BE54-9A1E7A4F7556}") = "IF.Rest.Client", "IF.Rest.Client\IF.Rest.Client.csproj", "{949F410B-1F9B-4707-8C41-B5C8498AA684}"
EndProject
Project("{9A19103F-16F7-4668-BE54-9A1E7A4F7556}") = "IF.Elasticsearch", "IF.Elasticsearch\IF.Elasticsearch.csproj", "{6B04C691-204D-46B6-B137-A1DDED15E8C7}"
EndProject
Project("{9A19103F-16F7-4668-BE54-9A1E7A4F7556}") = "IF.HealthChecks.SqlServer", "IF.HealthChecks.SqlServer\IF.HealthChecks.SqlServer.csproj", "{3653D406-DBFB-48D2-ADA4-8DBA00BDADB7}"
EndProject
Project("{9A19103F-16F7-4668-BE54-9A1E7A4F7556}") = "IF.HealthChecks", "IF.HealthChecks\IF.HealthChecks.csproj", "{6C4BB3F8-7287-4C87-88D9-3A25940BBE37}"
EndProject
Project("{9A19103F-16F7-4668-BE54-9A1E7A4F7556}") = "IF.HealthChecks.RabbitMQ", "IF.HealthChecks.RabbitMQ\IF.HealthChecks.RabbitMQ.csproj", "{27FFE419-2D90-4181-BFF7-2D6E7CFC91A1}"
EndProject
Project("{9A19103F-16F7-4668-BE54-9A1E7A4F7556}") = "IF.NetCore.Scheduler", "IF.NetCore.Scheduler\IF.NetCore.Scheduler.csproj", "{1BE00690-89A7-4ECA-85AF-E119DA3D16F7}"
EndProject
Project("{9A19103F-16F7-4668-BE54-9A1E7A4F7556}") = "IF.HealthChecks.ElasticSearch", "IF.HealthChecks.ElasticSearch\IF.HealthChecks.ElasticSearch.csproj", "{E42A2C16-B31D-4E31-BE06-8A84A808D2BD}"
EndProject
Project("{9A19103F-16F7-4668-BE54-9A1E7A4F7556}") = "IF.Redis", "IF.Redis\IF.Redis.csproj", "{1CEEE1B6-A5C9-4CB6-982F-7BEE77A81AF9}"
EndProject
Project("{9A19103F-16F7-4668-BE54-9A1E7A4F7556}") = "IF.Dependency.AutoFac", "IF.Dependency.AutoFac\IF.Dependency.AutoFac.csproj", "{A1A9AA37-F9E3-4B82-9A50-17917C9FDAF7}"
EndProject
Project("{9A19103F-16F7-4668-BE54-9A1E7A4F7556}") = "IF.Log.Serilog", "IF.Log.Serilog\IF.Log.Serilog.csproj", "{9EF3B9F8-06B1-44C4-B061-A58F888368BC}"
EndProject
Project("{9A19103F-16F7-4668-BE54-9A1E7A4F7556}") = "IF.MongoDB", "IF.MongoDB\IF.MongoDB.csproj", "{92B45122-7FD9-46D1-B258-828834A653AB}"
EndProject
Project("{9A19103F-16F7-4668-BE54-9A1E7A4F7556}") = "IF.Email.SendGrid", "IF.Email.SendGrid\IF.Email.SendGrid.csproj", "{5890EB28-7BDC-485B-AFCD-57A088DE47B6}"
EndProject
Project("{9A19103F-16F7-4668-BE54-9A1E7A4F7556}") = "IF.Web.Mvc", "IF.Web.Mvc\IF.Web.Mvc.csproj", "{B7227D61-849F-4A9B-9A56-38ACFE514CA1}"
EndProject
Project("{9A19103F-16F7-4668-BE54-9A1E7A4F7556}") = "IF.Web.Mvc.FluentHtml", "IF.Web.Mvc.FluentHtml\IF.Web.Mvc.FluentHtml.csproj", "{EE3D5D1F-39AA-46E3-ADBE-E43010805ED3}"
EndProject
Project("{9A19103F-16F7-4668-BE54-9A1E7A4F7556}") = "IF.HealthChecks.MongoDb", "IF.HealthChecks.MongoDb\IF.HealthChecks.MongoDb.csproj", "{1082D3A5-1C4C-4CD3-875C-CFCFBB5DF727}"
EndProject
Project("{9A19103F-16F7-4668-BE54-9A1E7A4F7556}") = "IF.Notification.OneSignal", "IF.Notification.OneSignal\IF.Notification.OneSignal.csproj", "{EF20B853-AD51-4F4A-9DE9-498E014D85FE}"
EndProject
Project("{9A19103F-16F7-4668-BE54-9A1E7A4F7556}") = "IF.Tests", "IF.Tests\IF.Tests.csproj", "{1F845D59-3FF3-43CF-8AB7-2B183818BACA}"
EndProject
Project("{9A19103F-16F7-4668-BE54-9A1E7A4F7556}") = "IF.RazorviewEngine.Integration", "IF.RazorviewEngine.Integration\IF.RazorviewEngine.Integration.csproj", "{FE9CB605-962B-445D-8022-FBD00D342AB5}"
EndProject
Project("{9A19103F-16F7-4668-BE54-9A1E7A4F7556}") = "IF.Sms.Barabut", "IF.Sms.Barabut\IF.Sms.Barabut.csproj", "{0393629F-0527-4ED9-B165-F946A9E49D73}"
EndProject
Project("{9A19103F-16F7-4668-BE54-9A1E7A4F7556}") = "IF.Sms.InfoBip", "IF.Sms.InfoBip\IF.Sms.InfoBip.csproj", "{DA0205B4-1E7D-43F0-BF6A-BC8433137397}"
EndProject
Project("{9A19103F-16F7-4668-BE54-9A1E7A4F7556}") = "IF.EventBus.Logging.EF", "IF.EventBus.Logging.EF\IF.EventBus.Logging.EF.csproj", "{CC96DD18-3343-4EC1-B587-46D9101034A0}"
EndProject
Project("{9A19103F-16F7-4668-BE54-9A1E7A4F7556}") = "IF.Persistence.EF.Audit", "IF.Persistence.EF.Audit\IF.Persistence.EF.Audit.csproj", "{71560A41-DD93-4E33-BAEC-F7FE3B420D1F}"
EndProject
Project("{9A19103F-16F7-4668-BE54-9A1E7A4F7556}") = "IF.Email.SendGrid.Extension", "IF.Email.SendGrid.Extension\IF.Email.SendGrid.Extension.csproj", "{91D1C35C-9DB1-4492-9A25-E2D85BAA10D7}"
EndProject
Project("{9A19103F-16F7-4668-BE54-9A1E7A4F7556}") = "IF.Notification.OneSignal.Integration", "IF.Notification.OneSignal.Integration\IF.Notification.OneSignal.Integration.csproj", "{35F29769-E974-4F27-8901-7DB5AD9C1BBB}"
EndProject
Project("{9A19103F-16F7-4668-BE54-9A1E7A4F7556}") = "IF.Admin.UI", "IF.Admin.UI\IF.Admin.UI.csproj", "{E9FD5B40-2AB8-495D-ABA2-875BD7F02A40}"
EndProject
Project("{9A19103F-16F7-4668-BE54-9A1E7A4F7556}") = "IF.Sms.Turatel", "IF.Sms.Turatel\IF.Sms.Turatel.csproj", "{A1F39FE5-A0E7-4BA1-9A21-7ABB3771AF9C}"
EndProject
Project("{9A19103F-16F7-4668-BE54-9A1E7A4F7556}") = "IF.Sms.Turatel.Integration", "IF.Sms.Turatel.Integration\IF.Sms.Turatel.Integration.csproj", "{683B7230-E7AA-4AED-8058-83B76C809C19}"
EndProject
Project("{2150E333-8FDC-42A3-9474-1A3956D46DE8}") = "System.UI", "System.UI", "{0A3C6658-C4EA-49D3-A0B7-5F1043DF8744}"
EndProject
Project("{9A19103F-16F7-4668-BE54-9A1E7A4F7556}") = "IF.System.UI.AuditLog", "System.UI\IF.System.UI.AuditLog\IF.System.UI.AuditLog.csproj", "{0CAA23B0-4871-46FF-B06B-3EF56B147792}"
EndProject
Project("{9A19103F-16F7-4668-BE54-9A1E7A4F7556}") = "IF.System.UI.SmsLog", "System.UI\IF.System.UI.SmsLog\IF.System.UI.SmsLog.csproj", "{7DDFFE75-C3F2-407D-A0AD-3D90A396C9B6}"
EndProject
Project("{9A19103F-16F7-4668-BE54-9A1E7A4F7556}") = "IF.System.UI.EmailLog", "System.UI\IF.System.UI.EmailLog\IF.System.UI.EmailLog.csproj", "{9E2C2E37-ECCD-48D0-8A15-D4DBBA743209}"
EndProject
Project("{9A19103F-16F7-4668-BE54-9A1E7A4F7556}") = "IF.System.UI.NotificationLog", "System.UI\IF.System.UI.NotificationLog\IF.System.UI.NotificationLog.csproj", "{C93948DA-E5F1-4B74-A643-83EB7CF181BE}"
EndProject
Project("{9A19103F-16F7-4668-BE54-9A1E7A4F7556}") = "IF.System.UI.HealthChecks", "System.UI\IF.System.UI.HealthChecks\IF.System.UI.HealthChecks.csproj", "{59726BDD-932F-4156-B99A-DF8E13E4D0DC}"
EndProject
Project("{9A19103F-16F7-4668-BE54-9A1E7A4F7556}") = "IF.System.UI.PerformanceLog", "System.UI\IF.System.UI.PerformanceLog\IF.System.UI.PerformanceLog.csproj", "{3822AC4A-D7F8-487F-98D2-5D4702885EE6}"
EndProject
Project("{9A19103F-16F7-4668-BE54-9A1E7A4F7556}") = "IF.MongoDB.Integration", "IF.MongoDB.Integration\IF.MongoDB.Integration.csproj", "{AE44F11E-BCB7-4A00-967B-7AB1526B7228}"
EndProject
Project("{9A19103F-16F7-4668-BE54-9A1E7A4F7556}") = "IF.System.UI.Configs", "System.UI\IF.System.UI.Configs\IF.System.UI.Configs.csproj", "{88D30283-1533-41E2-8A9D-F1060A3B35E7}"
EndProject
Project("{9A19103F-16F7-4668-BE54-9A1E7A4F7556}") = "IF.System.UI.SqlServer", "System.UI\IF.System.UI.SqlServer\IF.System.UI.SqlServer.csproj", "{DF892CB8-484D-4EB4-AC95-46EA1A852E58}"
EndProject
Project("{9A19103F-16F7-4668-BE54-9A1E7A4F7556}") = "IF.Rest.Client.Integration", "IF.Rest.Client.Integration\IF.Rest.Client.Integration.csproj", "{F7DFA52B-6636-4ED0-B9E8-22A2DDA87A84}"
EndProject
Project("{9A19103F-16F7-4668-BE54-9A1E7A4F7556}") = "IF.System.UI.ApplicationLog", "System.UI\IF.System.UI.ApplicationLog\IF.System.UI.ApplicationLog.csproj", "{0080AC7D-FBEC-481A-B9B5-1A2AAC7ACAAC}"
EndProject
Project("{9A19103F-16F7-4668-BE54-9A1E7A4F7556}") = "IF.System.UI.Events", "System.UI\IF.System.UI.Events\IF.System.UI.Events.csproj", "{05D19A1D-66B4-4BDF-9034-25FD77815246}"
EndProject
Project("{2150E333-8FDC-42A3-9474-1A3956D46DE8}") = "Tools", "Tools", "{D341F4C3-4300-47AF-B531-88A33C727436}"
EndProject
Project("{2150E333-8FDC-42A3-9474-1A3956D46DE8}") = "HealthChecks", "HealthChecks", "{0810A118-F6A2-46A9-A328-7194EA078705}"
EndProject
Project("{2150E333-8FDC-42A3-9474-1A3956D46DE8}") = "3dPartyIntegrations", "3dPartyIntegrations", "{B2D90BD4-E1FF-482C-8B1B-28D666BCAB3D}"
EndProject
Project("{9A19103F-16F7-4668-BE54-9A1E7A4F7556}") = "IF.System.UI.SmsOneToMany", "System.UI\IF.System.UI.SmsOneToMany\IF.System.UI.SmsOneToMany.csproj", "{9CFCA4FA-458B-4ECE-882E-551A5E5C6EE0}"
EndProject
Project("{9A19103F-16F7-4668-BE54-9A1E7A4F7556}") = "IF.Cqrs", "IF.Cqrs\IF.Cqrs.csproj", "{E1AD8B7E-58D5-492A-827B-262709358284}"
EndProject
Project("{9A19103F-16F7-4668-BE54-9A1E7A4F7556}") = "IF.Swagger.Integration", "IF.Swagger.Integration\IF.Swagger.Integration.csproj", "{B83CB2D7-F114-48EB-80A6-C6EA8EB28D77}"
EndProject
Project("{9A19103F-16F7-4668-BE54-9A1E7A4F7556}") = "IF.Emarsys", "IF.Emarsys\IF.Emarsys.csproj", "{BA4259E3-1CEF-432B-B668-0144E01C7496}"
EndProject
Project("{9A19103F-16F7-4668-BE54-9A1E7A4F7556}") = "IF.Web.Mvc.Kendo", "IF.Web.Mvc.Kendo\IF.Web.Mvc.Kendo.csproj", "{B5C21A8D-4994-4AEC-A7D5-815263B9A0D4}"
EndProject
Project("{9A19103F-16F7-4668-BE54-9A1E7A4F7556}") = "IF.System.UI.SmsManyToMany", "System.UI\IF.System.UI.SmsManyToMany\IF.System.UI.SmsManyToMany.csproj", "{1824F3DD-D39F-4BDA-BA2D-D03BCA54CAD7}"
EndProject
Project("{9A19103F-16F7-4668-BE54-9A1E7A4F7556}") = "IF.Batch", "IF.Batch\IF.Batch.csproj", "{87175305-4162-4E65-A5CA-B71C3D633747}"
EndProject
Project("{9A19103F-16F7-4668-BE54-9A1E7A4F7556}") = "IF.Batch.MongoDb", "IF.Batch.MongoDb\IF.Batch.MongoDb.csproj", "{B066D2FB-E312-453C-A883-DA4B56C20380}"
EndProject
Project("{9A19103F-16F7-4668-BE54-9A1E7A4F7556}") = "IF.Persistence.EF.SqlServer.Integration", "IF.Persistence.EF.SqlServer.Integration\IF.Persistence.EF.SqlServer.Integration.csproj", "{1207959E-CF19-44E8-971D-DAB9C0B99F7C}"
EndProject
Project("{9A19103F-16F7-4668-BE54-9A1E7A4F7556}") = "IF.Persistence.EF", "IF.Persistence.EF\IF.Persistence.EF.csproj", "{C92E55CE-440F-413C-9C52-F97D9092B9CB}"
EndProject
Project("{2150E333-8FDC-42A3-9474-1A3956D46DE8}") = "CodeGeneration", "CodeGeneration", "{97806A24-D338-44F3-B1F0-A6AE9A8E6452}"
EndProject
Project("{9A19103F-16F7-4668-BE54-9A1E7A4F7556}") = "IF.CodeGeneration.Core", "CodeGeneration\IF.CodeGeneration.Core\IF.CodeGeneration.Core.csproj", "{A76ACF78-8EA6-4068-979A-DA3D5CCA4B54}"
EndProject
Project("{9A19103F-16F7-4668-BE54-9A1E7A4F7556}") = "IF.CodeGeneration.Language.CSharp", "CodeGeneration\IF.CodeGeneration.Language.CSharp\IF.CodeGeneration.Language.CSharp.csproj", "{AD0EE137-E7C8-4580-BBA3-9F07885135F5}"
EndProject
Project("{9A19103F-16F7-4668-BE54-9A1E7A4F7556}") = "IF.CodeGeneration.VisualStudio", "CodeGeneration\IF.CodeGeneration.VisualStudio\IF.CodeGeneration.VisualStudio.csproj", "{678249DC-9BEB-4D0F-9CE0-499B2B37194C}"
EndProject
Project("{FAE04EC0-301F-11D3-BF4B-00C04F79EFBC}") = "IF.Tools.CodeGenerator", "Tools\IF.Tools.CodeGenerator\IF.Tools.CodeGenerator.csproj", "{B5F19F67-56D6-4612-B90A-89AE9FF85522}"
EndProject
Project("{FAE04EC0-301F-11D3-BF4B-00C04F79EFBC}") = "IF.Tools.Publish", "Tools\IF.Tools.Publish\IF.Tools.Publish.csproj", "{19A482D1-C4D7-4592-9E6F-6D7602592E2B}"
EndProject
Project("{9A19103F-16F7-4668-BE54-9A1E7A4F7556}") = "IF.CodeGeneration.Application", "CodeGeneration\IF.CodeGeneration.Application\IF.CodeGeneration.Application.csproj", "{F106A3A7-91DD-4EEF-840B-2EA3A67E5AA7}"
EndProject
Project("{9A19103F-16F7-4668-BE54-9A1E7A4F7556}") = "IF.Persistence.EF.Localization", "IF.Persistence.EF.Localization\IF.Persistence.EF.Localization.csproj", "{6F2645DD-9C8F-4413-B5C6-7C80CB6058AF}"
EndProject
Project("{9A19103F-16F7-4668-BE54-9A1E7A4F7556}") = "IF.Localization.Integration", "IF.Localization.Integration\IF.Localization.Integration.csproj", "{F0E570B7-12E7-424A-A912-FCF6C3FFC323}"
EndProject
Project("{2150E333-8FDC-42A3-9474-1A3956D46DE8}") = "Modules", "Modules", "{7CD39F92-9FFC-465B-8AF4-CD9835562A98}"
EndProject
Project("{9A19103F-16F7-4668-BE54-9A1E7A4F7556}") = "IF.Module.Dictionary", "Modules\IF.Module.Dictionary\IF.Module.Dictionary.csproj", "{5A54E58A-1F44-4AAB-A4BF-CC7E6B9668E1}"
EndProject
Global
	GlobalSection(SolutionConfigurationPlatforms) = preSolution
		Debug|Any CPU = Debug|Any CPU
		Release|Any CPU = Release|Any CPU
	EndGlobalSection
	GlobalSection(ProjectConfigurationPlatforms) = postSolution
		{86E30243-3D67-4794-8E6E-2FF2D8BFE9C6}.Debug|Any CPU.ActiveCfg = Debug|Any CPU
		{86E30243-3D67-4794-8E6E-2FF2D8BFE9C6}.Debug|Any CPU.Build.0 = Debug|Any CPU
		{86E30243-3D67-4794-8E6E-2FF2D8BFE9C6}.Release|Any CPU.ActiveCfg = Release|Any CPU
		{86E30243-3D67-4794-8E6E-2FF2D8BFE9C6}.Release|Any CPU.Build.0 = Release|Any CPU
		{2A749F07-A7FF-4058-811C-100C49586493}.Debug|Any CPU.ActiveCfg = Debug|Any CPU
		{2A749F07-A7FF-4058-811C-100C49586493}.Debug|Any CPU.Build.0 = Debug|Any CPU
		{2A749F07-A7FF-4058-811C-100C49586493}.Release|Any CPU.ActiveCfg = Release|Any CPU
		{2A749F07-A7FF-4058-811C-100C49586493}.Release|Any CPU.Build.0 = Release|Any CPU
		{DF845461-02C5-4E0A-A798-C5D53698E826}.Debug|Any CPU.ActiveCfg = Debug|Any CPU
		{DF845461-02C5-4E0A-A798-C5D53698E826}.Debug|Any CPU.Build.0 = Debug|Any CPU
		{DF845461-02C5-4E0A-A798-C5D53698E826}.Release|Any CPU.ActiveCfg = Release|Any CPU
		{DF845461-02C5-4E0A-A798-C5D53698E826}.Release|Any CPU.Build.0 = Release|Any CPU
		{0B109D85-CBD0-468A-8B06-5BA99E4B9357}.Debug|Any CPU.ActiveCfg = Debug|Any CPU
		{0B109D85-CBD0-468A-8B06-5BA99E4B9357}.Debug|Any CPU.Build.0 = Debug|Any CPU
		{0B109D85-CBD0-468A-8B06-5BA99E4B9357}.Release|Any CPU.ActiveCfg = Release|Any CPU
		{0B109D85-CBD0-468A-8B06-5BA99E4B9357}.Release|Any CPU.Build.0 = Release|Any CPU
		{1812AE82-36BC-40F7-818A-40F03C93FC1F}.Debug|Any CPU.ActiveCfg = Debug|Any CPU
		{1812AE82-36BC-40F7-818A-40F03C93FC1F}.Debug|Any CPU.Build.0 = Debug|Any CPU
		{1812AE82-36BC-40F7-818A-40F03C93FC1F}.Release|Any CPU.ActiveCfg = Release|Any CPU
		{1812AE82-36BC-40F7-818A-40F03C93FC1F}.Release|Any CPU.Build.0 = Release|Any CPU
		{95504FA0-7454-4E21-8857-C77917FE1799}.Debug|Any CPU.ActiveCfg = Debug|Any CPU
		{95504FA0-7454-4E21-8857-C77917FE1799}.Debug|Any CPU.Build.0 = Debug|Any CPU
		{95504FA0-7454-4E21-8857-C77917FE1799}.Release|Any CPU.ActiveCfg = Release|Any CPU
		{95504FA0-7454-4E21-8857-C77917FE1799}.Release|Any CPU.Build.0 = Release|Any CPU
		{5B30C91C-26F4-4CF8-80E6-84B026FD1EBD}.Debug|Any CPU.ActiveCfg = Debug|Any CPU
		{5B30C91C-26F4-4CF8-80E6-84B026FD1EBD}.Debug|Any CPU.Build.0 = Debug|Any CPU
		{5B30C91C-26F4-4CF8-80E6-84B026FD1EBD}.Release|Any CPU.ActiveCfg = Release|Any CPU
		{5B30C91C-26F4-4CF8-80E6-84B026FD1EBD}.Release|Any CPU.Build.0 = Release|Any CPU
		{DA2F134E-B15A-4B4F-ABB9-369125C0C05A}.Debug|Any CPU.ActiveCfg = Debug|Any CPU
		{DA2F134E-B15A-4B4F-ABB9-369125C0C05A}.Debug|Any CPU.Build.0 = Debug|Any CPU
		{DA2F134E-B15A-4B4F-ABB9-369125C0C05A}.Release|Any CPU.ActiveCfg = Release|Any CPU
		{DA2F134E-B15A-4B4F-ABB9-369125C0C05A}.Release|Any CPU.Build.0 = Release|Any CPU
		{58ACB3A4-ECA4-4E86-936E-3E3B0E0D24DB}.Debug|Any CPU.ActiveCfg = Debug|Any CPU
		{58ACB3A4-ECA4-4E86-936E-3E3B0E0D24DB}.Debug|Any CPU.Build.0 = Debug|Any CPU
		{58ACB3A4-ECA4-4E86-936E-3E3B0E0D24DB}.Release|Any CPU.ActiveCfg = Release|Any CPU
		{58ACB3A4-ECA4-4E86-936E-3E3B0E0D24DB}.Release|Any CPU.Build.0 = Release|Any CPU
		{E3383244-F33B-45A3-9A1A-6620BFC33672}.Debug|Any CPU.ActiveCfg = Debug|Any CPU
		{E3383244-F33B-45A3-9A1A-6620BFC33672}.Debug|Any CPU.Build.0 = Debug|Any CPU
		{E3383244-F33B-45A3-9A1A-6620BFC33672}.Release|Any CPU.ActiveCfg = Release|Any CPU
		{E3383244-F33B-45A3-9A1A-6620BFC33672}.Release|Any CPU.Build.0 = Release|Any CPU
		{C4B4373D-3377-48FD-8D72-CFCBAAF2F12E}.Debug|Any CPU.ActiveCfg = Debug|Any CPU
		{C4B4373D-3377-48FD-8D72-CFCBAAF2F12E}.Debug|Any CPU.Build.0 = Debug|Any CPU
		{C4B4373D-3377-48FD-8D72-CFCBAAF2F12E}.Release|Any CPU.ActiveCfg = Release|Any CPU
		{C4B4373D-3377-48FD-8D72-CFCBAAF2F12E}.Release|Any CPU.Build.0 = Release|Any CPU
		{47C5F335-3145-4CB8-B159-A8FB24D45A5C}.Debug|Any CPU.ActiveCfg = Debug|Any CPU
		{47C5F335-3145-4CB8-B159-A8FB24D45A5C}.Debug|Any CPU.Build.0 = Debug|Any CPU
		{47C5F335-3145-4CB8-B159-A8FB24D45A5C}.Release|Any CPU.ActiveCfg = Release|Any CPU
		{47C5F335-3145-4CB8-B159-A8FB24D45A5C}.Release|Any CPU.Build.0 = Release|Any CPU
		{949F410B-1F9B-4707-8C41-B5C8498AA684}.Debug|Any CPU.ActiveCfg = Debug|Any CPU
		{949F410B-1F9B-4707-8C41-B5C8498AA684}.Debug|Any CPU.Build.0 = Debug|Any CPU
		{949F410B-1F9B-4707-8C41-B5C8498AA684}.Release|Any CPU.ActiveCfg = Release|Any CPU
		{949F410B-1F9B-4707-8C41-B5C8498AA684}.Release|Any CPU.Build.0 = Release|Any CPU
		{6B04C691-204D-46B6-B137-A1DDED15E8C7}.Debug|Any CPU.ActiveCfg = Debug|Any CPU
		{6B04C691-204D-46B6-B137-A1DDED15E8C7}.Debug|Any CPU.Build.0 = Debug|Any CPU
		{6B04C691-204D-46B6-B137-A1DDED15E8C7}.Release|Any CPU.ActiveCfg = Release|Any CPU
		{6B04C691-204D-46B6-B137-A1DDED15E8C7}.Release|Any CPU.Build.0 = Release|Any CPU
		{3653D406-DBFB-48D2-ADA4-8DBA00BDADB7}.Debug|Any CPU.ActiveCfg = Debug|Any CPU
		{3653D406-DBFB-48D2-ADA4-8DBA00BDADB7}.Debug|Any CPU.Build.0 = Debug|Any CPU
		{3653D406-DBFB-48D2-ADA4-8DBA00BDADB7}.Release|Any CPU.ActiveCfg = Release|Any CPU
		{3653D406-DBFB-48D2-ADA4-8DBA00BDADB7}.Release|Any CPU.Build.0 = Release|Any CPU
		{6C4BB3F8-7287-4C87-88D9-3A25940BBE37}.Debug|Any CPU.ActiveCfg = Debug|Any CPU
		{6C4BB3F8-7287-4C87-88D9-3A25940BBE37}.Debug|Any CPU.Build.0 = Debug|Any CPU
		{6C4BB3F8-7287-4C87-88D9-3A25940BBE37}.Release|Any CPU.ActiveCfg = Release|Any CPU
		{6C4BB3F8-7287-4C87-88D9-3A25940BBE37}.Release|Any CPU.Build.0 = Release|Any CPU
		{27FFE419-2D90-4181-BFF7-2D6E7CFC91A1}.Debug|Any CPU.ActiveCfg = Debug|Any CPU
		{27FFE419-2D90-4181-BFF7-2D6E7CFC91A1}.Debug|Any CPU.Build.0 = Debug|Any CPU
		{27FFE419-2D90-4181-BFF7-2D6E7CFC91A1}.Release|Any CPU.ActiveCfg = Release|Any CPU
		{27FFE419-2D90-4181-BFF7-2D6E7CFC91A1}.Release|Any CPU.Build.0 = Release|Any CPU
		{1BE00690-89A7-4ECA-85AF-E119DA3D16F7}.Debug|Any CPU.ActiveCfg = Debug|Any CPU
		{1BE00690-89A7-4ECA-85AF-E119DA3D16F7}.Debug|Any CPU.Build.0 = Debug|Any CPU
		{1BE00690-89A7-4ECA-85AF-E119DA3D16F7}.Release|Any CPU.ActiveCfg = Release|Any CPU
		{1BE00690-89A7-4ECA-85AF-E119DA3D16F7}.Release|Any CPU.Build.0 = Release|Any CPU
		{E42A2C16-B31D-4E31-BE06-8A84A808D2BD}.Debug|Any CPU.ActiveCfg = Debug|Any CPU
		{E42A2C16-B31D-4E31-BE06-8A84A808D2BD}.Debug|Any CPU.Build.0 = Debug|Any CPU
		{E42A2C16-B31D-4E31-BE06-8A84A808D2BD}.Release|Any CPU.ActiveCfg = Release|Any CPU
		{E42A2C16-B31D-4E31-BE06-8A84A808D2BD}.Release|Any CPU.Build.0 = Release|Any CPU
		{1CEEE1B6-A5C9-4CB6-982F-7BEE77A81AF9}.Debug|Any CPU.ActiveCfg = Debug|Any CPU
		{1CEEE1B6-A5C9-4CB6-982F-7BEE77A81AF9}.Debug|Any CPU.Build.0 = Debug|Any CPU
		{1CEEE1B6-A5C9-4CB6-982F-7BEE77A81AF9}.Release|Any CPU.ActiveCfg = Release|Any CPU
		{1CEEE1B6-A5C9-4CB6-982F-7BEE77A81AF9}.Release|Any CPU.Build.0 = Release|Any CPU
		{A1A9AA37-F9E3-4B82-9A50-17917C9FDAF7}.Debug|Any CPU.ActiveCfg = Debug|Any CPU
		{A1A9AA37-F9E3-4B82-9A50-17917C9FDAF7}.Debug|Any CPU.Build.0 = Debug|Any CPU
		{A1A9AA37-F9E3-4B82-9A50-17917C9FDAF7}.Release|Any CPU.ActiveCfg = Release|Any CPU
		{A1A9AA37-F9E3-4B82-9A50-17917C9FDAF7}.Release|Any CPU.Build.0 = Release|Any CPU
		{9EF3B9F8-06B1-44C4-B061-A58F888368BC}.Debug|Any CPU.ActiveCfg = Debug|Any CPU
		{9EF3B9F8-06B1-44C4-B061-A58F888368BC}.Debug|Any CPU.Build.0 = Debug|Any CPU
		{9EF3B9F8-06B1-44C4-B061-A58F888368BC}.Release|Any CPU.ActiveCfg = Release|Any CPU
		{9EF3B9F8-06B1-44C4-B061-A58F888368BC}.Release|Any CPU.Build.0 = Release|Any CPU
		{92B45122-7FD9-46D1-B258-828834A653AB}.Debug|Any CPU.ActiveCfg = Debug|Any CPU
		{92B45122-7FD9-46D1-B258-828834A653AB}.Debug|Any CPU.Build.0 = Debug|Any CPU
		{92B45122-7FD9-46D1-B258-828834A653AB}.Release|Any CPU.ActiveCfg = Release|Any CPU
		{92B45122-7FD9-46D1-B258-828834A653AB}.Release|Any CPU.Build.0 = Release|Any CPU
		{5890EB28-7BDC-485B-AFCD-57A088DE47B6}.Debug|Any CPU.ActiveCfg = Debug|Any CPU
		{5890EB28-7BDC-485B-AFCD-57A088DE47B6}.Debug|Any CPU.Build.0 = Debug|Any CPU
		{5890EB28-7BDC-485B-AFCD-57A088DE47B6}.Release|Any CPU.ActiveCfg = Release|Any CPU
		{5890EB28-7BDC-485B-AFCD-57A088DE47B6}.Release|Any CPU.Build.0 = Release|Any CPU
		{B7227D61-849F-4A9B-9A56-38ACFE514CA1}.Debug|Any CPU.ActiveCfg = Debug|Any CPU
		{B7227D61-849F-4A9B-9A56-38ACFE514CA1}.Debug|Any CPU.Build.0 = Debug|Any CPU
		{B7227D61-849F-4A9B-9A56-38ACFE514CA1}.Release|Any CPU.ActiveCfg = Release|Any CPU
		{B7227D61-849F-4A9B-9A56-38ACFE514CA1}.Release|Any CPU.Build.0 = Release|Any CPU
		{EE3D5D1F-39AA-46E3-ADBE-E43010805ED3}.Debug|Any CPU.ActiveCfg = Debug|Any CPU
		{EE3D5D1F-39AA-46E3-ADBE-E43010805ED3}.Debug|Any CPU.Build.0 = Debug|Any CPU
		{EE3D5D1F-39AA-46E3-ADBE-E43010805ED3}.Release|Any CPU.ActiveCfg = Release|Any CPU
		{EE3D5D1F-39AA-46E3-ADBE-E43010805ED3}.Release|Any CPU.Build.0 = Release|Any CPU
		{1082D3A5-1C4C-4CD3-875C-CFCFBB5DF727}.Debug|Any CPU.ActiveCfg = Debug|Any CPU
		{1082D3A5-1C4C-4CD3-875C-CFCFBB5DF727}.Debug|Any CPU.Build.0 = Debug|Any CPU
		{1082D3A5-1C4C-4CD3-875C-CFCFBB5DF727}.Release|Any CPU.ActiveCfg = Release|Any CPU
		{1082D3A5-1C4C-4CD3-875C-CFCFBB5DF727}.Release|Any CPU.Build.0 = Release|Any CPU
		{EF20B853-AD51-4F4A-9DE9-498E014D85FE}.Debug|Any CPU.ActiveCfg = Debug|Any CPU
		{EF20B853-AD51-4F4A-9DE9-498E014D85FE}.Debug|Any CPU.Build.0 = Debug|Any CPU
		{EF20B853-AD51-4F4A-9DE9-498E014D85FE}.Release|Any CPU.ActiveCfg = Release|Any CPU
		{EF20B853-AD51-4F4A-9DE9-498E014D85FE}.Release|Any CPU.Build.0 = Release|Any CPU
		{1F845D59-3FF3-43CF-8AB7-2B183818BACA}.Debug|Any CPU.ActiveCfg = Debug|Any CPU
		{1F845D59-3FF3-43CF-8AB7-2B183818BACA}.Debug|Any CPU.Build.0 = Debug|Any CPU
		{1F845D59-3FF3-43CF-8AB7-2B183818BACA}.Release|Any CPU.ActiveCfg = Release|Any CPU
		{1F845D59-3FF3-43CF-8AB7-2B183818BACA}.Release|Any CPU.Build.0 = Release|Any CPU
		{FE9CB605-962B-445D-8022-FBD00D342AB5}.Debug|Any CPU.ActiveCfg = Debug|Any CPU
		{FE9CB605-962B-445D-8022-FBD00D342AB5}.Debug|Any CPU.Build.0 = Debug|Any CPU
		{FE9CB605-962B-445D-8022-FBD00D342AB5}.Release|Any CPU.ActiveCfg = Release|Any CPU
		{FE9CB605-962B-445D-8022-FBD00D342AB5}.Release|Any CPU.Build.0 = Release|Any CPU
		{0393629F-0527-4ED9-B165-F946A9E49D73}.Debug|Any CPU.ActiveCfg = Debug|Any CPU
		{0393629F-0527-4ED9-B165-F946A9E49D73}.Debug|Any CPU.Build.0 = Debug|Any CPU
		{0393629F-0527-4ED9-B165-F946A9E49D73}.Release|Any CPU.ActiveCfg = Release|Any CPU
		{0393629F-0527-4ED9-B165-F946A9E49D73}.Release|Any CPU.Build.0 = Release|Any CPU
		{DA0205B4-1E7D-43F0-BF6A-BC8433137397}.Debug|Any CPU.ActiveCfg = Debug|Any CPU
		{DA0205B4-1E7D-43F0-BF6A-BC8433137397}.Debug|Any CPU.Build.0 = Debug|Any CPU
		{DA0205B4-1E7D-43F0-BF6A-BC8433137397}.Release|Any CPU.ActiveCfg = Release|Any CPU
		{DA0205B4-1E7D-43F0-BF6A-BC8433137397}.Release|Any CPU.Build.0 = Release|Any CPU
		{CC96DD18-3343-4EC1-B587-46D9101034A0}.Debug|Any CPU.ActiveCfg = Debug|Any CPU
		{CC96DD18-3343-4EC1-B587-46D9101034A0}.Debug|Any CPU.Build.0 = Debug|Any CPU
		{CC96DD18-3343-4EC1-B587-46D9101034A0}.Release|Any CPU.ActiveCfg = Release|Any CPU
		{CC96DD18-3343-4EC1-B587-46D9101034A0}.Release|Any CPU.Build.0 = Release|Any CPU
		{71560A41-DD93-4E33-BAEC-F7FE3B420D1F}.Debug|Any CPU.ActiveCfg = Debug|Any CPU
		{71560A41-DD93-4E33-BAEC-F7FE3B420D1F}.Debug|Any CPU.Build.0 = Debug|Any CPU
		{71560A41-DD93-4E33-BAEC-F7FE3B420D1F}.Release|Any CPU.ActiveCfg = Release|Any CPU
		{71560A41-DD93-4E33-BAEC-F7FE3B420D1F}.Release|Any CPU.Build.0 = Release|Any CPU
		{91D1C35C-9DB1-4492-9A25-E2D85BAA10D7}.Debug|Any CPU.ActiveCfg = Debug|Any CPU
		{91D1C35C-9DB1-4492-9A25-E2D85BAA10D7}.Debug|Any CPU.Build.0 = Debug|Any CPU
		{91D1C35C-9DB1-4492-9A25-E2D85BAA10D7}.Release|Any CPU.ActiveCfg = Release|Any CPU
		{91D1C35C-9DB1-4492-9A25-E2D85BAA10D7}.Release|Any CPU.Build.0 = Release|Any CPU
		{35F29769-E974-4F27-8901-7DB5AD9C1BBB}.Debug|Any CPU.ActiveCfg = Debug|Any CPU
		{35F29769-E974-4F27-8901-7DB5AD9C1BBB}.Debug|Any CPU.Build.0 = Debug|Any CPU
		{35F29769-E974-4F27-8901-7DB5AD9C1BBB}.Release|Any CPU.ActiveCfg = Release|Any CPU
		{35F29769-E974-4F27-8901-7DB5AD9C1BBB}.Release|Any CPU.Build.0 = Release|Any CPU
		{E9FD5B40-2AB8-495D-ABA2-875BD7F02A40}.Debug|Any CPU.ActiveCfg = Debug|Any CPU
		{E9FD5B40-2AB8-495D-ABA2-875BD7F02A40}.Debug|Any CPU.Build.0 = Debug|Any CPU
		{E9FD5B40-2AB8-495D-ABA2-875BD7F02A40}.Release|Any CPU.ActiveCfg = Release|Any CPU
		{E9FD5B40-2AB8-495D-ABA2-875BD7F02A40}.Release|Any CPU.Build.0 = Release|Any CPU
		{A1F39FE5-A0E7-4BA1-9A21-7ABB3771AF9C}.Debug|Any CPU.ActiveCfg = Debug|Any CPU
		{A1F39FE5-A0E7-4BA1-9A21-7ABB3771AF9C}.Debug|Any CPU.Build.0 = Debug|Any CPU
		{A1F39FE5-A0E7-4BA1-9A21-7ABB3771AF9C}.Release|Any CPU.ActiveCfg = Release|Any CPU
		{A1F39FE5-A0E7-4BA1-9A21-7ABB3771AF9C}.Release|Any CPU.Build.0 = Release|Any CPU
		{683B7230-E7AA-4AED-8058-83B76C809C19}.Debug|Any CPU.ActiveCfg = Debug|Any CPU
		{683B7230-E7AA-4AED-8058-83B76C809C19}.Debug|Any CPU.Build.0 = Debug|Any CPU
		{683B7230-E7AA-4AED-8058-83B76C809C19}.Release|Any CPU.ActiveCfg = Release|Any CPU
		{683B7230-E7AA-4AED-8058-83B76C809C19}.Release|Any CPU.Build.0 = Release|Any CPU
		{0CAA23B0-4871-46FF-B06B-3EF56B147792}.Debug|Any CPU.ActiveCfg = Debug|Any CPU
		{0CAA23B0-4871-46FF-B06B-3EF56B147792}.Debug|Any CPU.Build.0 = Debug|Any CPU
		{0CAA23B0-4871-46FF-B06B-3EF56B147792}.Release|Any CPU.ActiveCfg = Release|Any CPU
		{0CAA23B0-4871-46FF-B06B-3EF56B147792}.Release|Any CPU.Build.0 = Release|Any CPU
		{7DDFFE75-C3F2-407D-A0AD-3D90A396C9B6}.Debug|Any CPU.ActiveCfg = Debug|Any CPU
		{7DDFFE75-C3F2-407D-A0AD-3D90A396C9B6}.Debug|Any CPU.Build.0 = Debug|Any CPU
		{7DDFFE75-C3F2-407D-A0AD-3D90A396C9B6}.Release|Any CPU.ActiveCfg = Release|Any CPU
		{7DDFFE75-C3F2-407D-A0AD-3D90A396C9B6}.Release|Any CPU.Build.0 = Release|Any CPU
		{9E2C2E37-ECCD-48D0-8A15-D4DBBA743209}.Debug|Any CPU.ActiveCfg = Debug|Any CPU
		{9E2C2E37-ECCD-48D0-8A15-D4DBBA743209}.Debug|Any CPU.Build.0 = Debug|Any CPU
		{9E2C2E37-ECCD-48D0-8A15-D4DBBA743209}.Release|Any CPU.ActiveCfg = Release|Any CPU
		{9E2C2E37-ECCD-48D0-8A15-D4DBBA743209}.Release|Any CPU.Build.0 = Release|Any CPU
		{C93948DA-E5F1-4B74-A643-83EB7CF181BE}.Debug|Any CPU.ActiveCfg = Debug|Any CPU
		{C93948DA-E5F1-4B74-A643-83EB7CF181BE}.Debug|Any CPU.Build.0 = Debug|Any CPU
		{C93948DA-E5F1-4B74-A643-83EB7CF181BE}.Release|Any CPU.ActiveCfg = Release|Any CPU
		{C93948DA-E5F1-4B74-A643-83EB7CF181BE}.Release|Any CPU.Build.0 = Release|Any CPU
		{59726BDD-932F-4156-B99A-DF8E13E4D0DC}.Debug|Any CPU.ActiveCfg = Debug|Any CPU
		{59726BDD-932F-4156-B99A-DF8E13E4D0DC}.Debug|Any CPU.Build.0 = Debug|Any CPU
		{59726BDD-932F-4156-B99A-DF8E13E4D0DC}.Release|Any CPU.ActiveCfg = Release|Any CPU
		{59726BDD-932F-4156-B99A-DF8E13E4D0DC}.Release|Any CPU.Build.0 = Release|Any CPU
		{3822AC4A-D7F8-487F-98D2-5D4702885EE6}.Debug|Any CPU.ActiveCfg = Debug|Any CPU
		{3822AC4A-D7F8-487F-98D2-5D4702885EE6}.Debug|Any CPU.Build.0 = Debug|Any CPU
		{3822AC4A-D7F8-487F-98D2-5D4702885EE6}.Release|Any CPU.ActiveCfg = Release|Any CPU
		{3822AC4A-D7F8-487F-98D2-5D4702885EE6}.Release|Any CPU.Build.0 = Release|Any CPU
		{AE44F11E-BCB7-4A00-967B-7AB1526B7228}.Debug|Any CPU.ActiveCfg = Debug|Any CPU
		{AE44F11E-BCB7-4A00-967B-7AB1526B7228}.Debug|Any CPU.Build.0 = Debug|Any CPU
		{AE44F11E-BCB7-4A00-967B-7AB1526B7228}.Release|Any CPU.ActiveCfg = Release|Any CPU
		{AE44F11E-BCB7-4A00-967B-7AB1526B7228}.Release|Any CPU.Build.0 = Release|Any CPU
		{88D30283-1533-41E2-8A9D-F1060A3B35E7}.Debug|Any CPU.ActiveCfg = Debug|Any CPU
		{88D30283-1533-41E2-8A9D-F1060A3B35E7}.Debug|Any CPU.Build.0 = Debug|Any CPU
		{88D30283-1533-41E2-8A9D-F1060A3B35E7}.Release|Any CPU.ActiveCfg = Release|Any CPU
		{88D30283-1533-41E2-8A9D-F1060A3B35E7}.Release|Any CPU.Build.0 = Release|Any CPU
		{DF892CB8-484D-4EB4-AC95-46EA1A852E58}.Debug|Any CPU.ActiveCfg = Debug|Any CPU
		{DF892CB8-484D-4EB4-AC95-46EA1A852E58}.Debug|Any CPU.Build.0 = Debug|Any CPU
		{DF892CB8-484D-4EB4-AC95-46EA1A852E58}.Release|Any CPU.ActiveCfg = Release|Any CPU
		{DF892CB8-484D-4EB4-AC95-46EA1A852E58}.Release|Any CPU.Build.0 = Release|Any CPU
		{F7DFA52B-6636-4ED0-B9E8-22A2DDA87A84}.Debug|Any CPU.ActiveCfg = Debug|Any CPU
		{F7DFA52B-6636-4ED0-B9E8-22A2DDA87A84}.Debug|Any CPU.Build.0 = Debug|Any CPU
		{F7DFA52B-6636-4ED0-B9E8-22A2DDA87A84}.Release|Any CPU.ActiveCfg = Release|Any CPU
		{F7DFA52B-6636-4ED0-B9E8-22A2DDA87A84}.Release|Any CPU.Build.0 = Release|Any CPU
		{0080AC7D-FBEC-481A-B9B5-1A2AAC7ACAAC}.Debug|Any CPU.ActiveCfg = Debug|Any CPU
		{0080AC7D-FBEC-481A-B9B5-1A2AAC7ACAAC}.Debug|Any CPU.Build.0 = Debug|Any CPU
		{0080AC7D-FBEC-481A-B9B5-1A2AAC7ACAAC}.Release|Any CPU.ActiveCfg = Release|Any CPU
		{0080AC7D-FBEC-481A-B9B5-1A2AAC7ACAAC}.Release|Any CPU.Build.0 = Release|Any CPU
		{05D19A1D-66B4-4BDF-9034-25FD77815246}.Debug|Any CPU.ActiveCfg = Debug|Any CPU
		{05D19A1D-66B4-4BDF-9034-25FD77815246}.Debug|Any CPU.Build.0 = Debug|Any CPU
		{05D19A1D-66B4-4BDF-9034-25FD77815246}.Release|Any CPU.ActiveCfg = Release|Any CPU
		{05D19A1D-66B4-4BDF-9034-25FD77815246}.Release|Any CPU.Build.0 = Release|Any CPU
		{9CFCA4FA-458B-4ECE-882E-551A5E5C6EE0}.Debug|Any CPU.ActiveCfg = Debug|Any CPU
		{9CFCA4FA-458B-4ECE-882E-551A5E5C6EE0}.Debug|Any CPU.Build.0 = Debug|Any CPU
		{9CFCA4FA-458B-4ECE-882E-551A5E5C6EE0}.Release|Any CPU.ActiveCfg = Release|Any CPU
		{9CFCA4FA-458B-4ECE-882E-551A5E5C6EE0}.Release|Any CPU.Build.0 = Release|Any CPU
		{E1AD8B7E-58D5-492A-827B-262709358284}.Debug|Any CPU.ActiveCfg = Debug|Any CPU
		{E1AD8B7E-58D5-492A-827B-262709358284}.Debug|Any CPU.Build.0 = Debug|Any CPU
		{E1AD8B7E-58D5-492A-827B-262709358284}.Release|Any CPU.ActiveCfg = Release|Any CPU
		{E1AD8B7E-58D5-492A-827B-262709358284}.Release|Any CPU.Build.0 = Release|Any CPU
		{B83CB2D7-F114-48EB-80A6-C6EA8EB28D77}.Debug|Any CPU.ActiveCfg = Debug|Any CPU
		{B83CB2D7-F114-48EB-80A6-C6EA8EB28D77}.Debug|Any CPU.Build.0 = Debug|Any CPU
		{B83CB2D7-F114-48EB-80A6-C6EA8EB28D77}.Release|Any CPU.ActiveCfg = Release|Any CPU
		{B83CB2D7-F114-48EB-80A6-C6EA8EB28D77}.Release|Any CPU.Build.0 = Release|Any CPU
		{BA4259E3-1CEF-432B-B668-0144E01C7496}.Debug|Any CPU.ActiveCfg = Debug|Any CPU
		{BA4259E3-1CEF-432B-B668-0144E01C7496}.Debug|Any CPU.Build.0 = Debug|Any CPU
		{BA4259E3-1CEF-432B-B668-0144E01C7496}.Release|Any CPU.ActiveCfg = Release|Any CPU
		{BA4259E3-1CEF-432B-B668-0144E01C7496}.Release|Any CPU.Build.0 = Release|Any CPU
		{B5C21A8D-4994-4AEC-A7D5-815263B9A0D4}.Debug|Any CPU.ActiveCfg = Debug|Any CPU
		{B5C21A8D-4994-4AEC-A7D5-815263B9A0D4}.Debug|Any CPU.Build.0 = Debug|Any CPU
		{B5C21A8D-4994-4AEC-A7D5-815263B9A0D4}.Release|Any CPU.ActiveCfg = Release|Any CPU
		{B5C21A8D-4994-4AEC-A7D5-815263B9A0D4}.Release|Any CPU.Build.0 = Release|Any CPU
		{1824F3DD-D39F-4BDA-BA2D-D03BCA54CAD7}.Debug|Any CPU.ActiveCfg = Debug|Any CPU
		{1824F3DD-D39F-4BDA-BA2D-D03BCA54CAD7}.Debug|Any CPU.Build.0 = Debug|Any CPU
		{1824F3DD-D39F-4BDA-BA2D-D03BCA54CAD7}.Release|Any CPU.ActiveCfg = Release|Any CPU
		{1824F3DD-D39F-4BDA-BA2D-D03BCA54CAD7}.Release|Any CPU.Build.0 = Release|Any CPU
		{87175305-4162-4E65-A5CA-B71C3D633747}.Debug|Any CPU.ActiveCfg = Debug|Any CPU
		{87175305-4162-4E65-A5CA-B71C3D633747}.Debug|Any CPU.Build.0 = Debug|Any CPU
		{87175305-4162-4E65-A5CA-B71C3D633747}.Release|Any CPU.ActiveCfg = Release|Any CPU
		{87175305-4162-4E65-A5CA-B71C3D633747}.Release|Any CPU.Build.0 = Release|Any CPU
		{B066D2FB-E312-453C-A883-DA4B56C20380}.Debug|Any CPU.ActiveCfg = Debug|Any CPU
		{B066D2FB-E312-453C-A883-DA4B56C20380}.Debug|Any CPU.Build.0 = Debug|Any CPU
		{B066D2FB-E312-453C-A883-DA4B56C20380}.Release|Any CPU.ActiveCfg = Release|Any CPU
		{B066D2FB-E312-453C-A883-DA4B56C20380}.Release|Any CPU.Build.0 = Release|Any CPU
		{1207959E-CF19-44E8-971D-DAB9C0B99F7C}.Debug|Any CPU.ActiveCfg = Debug|Any CPU
		{1207959E-CF19-44E8-971D-DAB9C0B99F7C}.Debug|Any CPU.Build.0 = Debug|Any CPU
		{1207959E-CF19-44E8-971D-DAB9C0B99F7C}.Release|Any CPU.ActiveCfg = Release|Any CPU
		{1207959E-CF19-44E8-971D-DAB9C0B99F7C}.Release|Any CPU.Build.0 = Release|Any CPU
		{C92E55CE-440F-413C-9C52-F97D9092B9CB}.Debug|Any CPU.ActiveCfg = Debug|Any CPU
		{C92E55CE-440F-413C-9C52-F97D9092B9CB}.Debug|Any CPU.Build.0 = Debug|Any CPU
		{C92E55CE-440F-413C-9C52-F97D9092B9CB}.Release|Any CPU.ActiveCfg = Release|Any CPU
		{C92E55CE-440F-413C-9C52-F97D9092B9CB}.Release|Any CPU.Build.0 = Release|Any CPU
		{A76ACF78-8EA6-4068-979A-DA3D5CCA4B54}.Debug|Any CPU.ActiveCfg = Debug|Any CPU
		{A76ACF78-8EA6-4068-979A-DA3D5CCA4B54}.Debug|Any CPU.Build.0 = Debug|Any CPU
		{A76ACF78-8EA6-4068-979A-DA3D5CCA4B54}.Release|Any CPU.ActiveCfg = Release|Any CPU
		{A76ACF78-8EA6-4068-979A-DA3D5CCA4B54}.Release|Any CPU.Build.0 = Release|Any CPU
		{AD0EE137-E7C8-4580-BBA3-9F07885135F5}.Debug|Any CPU.ActiveCfg = Debug|Any CPU
		{AD0EE137-E7C8-4580-BBA3-9F07885135F5}.Debug|Any CPU.Build.0 = Debug|Any CPU
		{AD0EE137-E7C8-4580-BBA3-9F07885135F5}.Release|Any CPU.ActiveCfg = Release|Any CPU
		{AD0EE137-E7C8-4580-BBA3-9F07885135F5}.Release|Any CPU.Build.0 = Release|Any CPU
		{678249DC-9BEB-4D0F-9CE0-499B2B37194C}.Debug|Any CPU.ActiveCfg = Debug|Any CPU
		{678249DC-9BEB-4D0F-9CE0-499B2B37194C}.Debug|Any CPU.Build.0 = Debug|Any CPU
		{678249DC-9BEB-4D0F-9CE0-499B2B37194C}.Release|Any CPU.ActiveCfg = Release|Any CPU
		{678249DC-9BEB-4D0F-9CE0-499B2B37194C}.Release|Any CPU.Build.0 = Release|Any CPU
		{B5F19F67-56D6-4612-B90A-89AE9FF85522}.Debug|Any CPU.ActiveCfg = Debug|Any CPU
		{B5F19F67-56D6-4612-B90A-89AE9FF85522}.Debug|Any CPU.Build.0 = Debug|Any CPU
		{B5F19F67-56D6-4612-B90A-89AE9FF85522}.Release|Any CPU.ActiveCfg = Release|Any CPU
		{B5F19F67-56D6-4612-B90A-89AE9FF85522}.Release|Any CPU.Build.0 = Release|Any CPU
		{19A482D1-C4D7-4592-9E6F-6D7602592E2B}.Debug|Any CPU.ActiveCfg = Debug|Any CPU
		{19A482D1-C4D7-4592-9E6F-6D7602592E2B}.Debug|Any CPU.Build.0 = Debug|Any CPU
		{19A482D1-C4D7-4592-9E6F-6D7602592E2B}.Release|Any CPU.ActiveCfg = Release|Any CPU
		{19A482D1-C4D7-4592-9E6F-6D7602592E2B}.Release|Any CPU.Build.0 = Release|Any CPU
		{F106A3A7-91DD-4EEF-840B-2EA3A67E5AA7}.Debug|Any CPU.ActiveCfg = Debug|Any CPU
		{F106A3A7-91DD-4EEF-840B-2EA3A67E5AA7}.Debug|Any CPU.Build.0 = Debug|Any CPU
		{F106A3A7-91DD-4EEF-840B-2EA3A67E5AA7}.Release|Any CPU.ActiveCfg = Release|Any CPU
		{F106A3A7-91DD-4EEF-840B-2EA3A67E5AA7}.Release|Any CPU.Build.0 = Release|Any CPU
		{6F2645DD-9C8F-4413-B5C6-7C80CB6058AF}.Debug|Any CPU.ActiveCfg = Debug|Any CPU
		{6F2645DD-9C8F-4413-B5C6-7C80CB6058AF}.Debug|Any CPU.Build.0 = Debug|Any CPU
		{6F2645DD-9C8F-4413-B5C6-7C80CB6058AF}.Release|Any CPU.ActiveCfg = Release|Any CPU
		{6F2645DD-9C8F-4413-B5C6-7C80CB6058AF}.Release|Any CPU.Build.0 = Release|Any CPU
		{F0E570B7-12E7-424A-A912-FCF6C3FFC323}.Debug|Any CPU.ActiveCfg = Debug|Any CPU
		{F0E570B7-12E7-424A-A912-FCF6C3FFC323}.Debug|Any CPU.Build.0 = Debug|Any CPU
		{F0E570B7-12E7-424A-A912-FCF6C3FFC323}.Release|Any CPU.ActiveCfg = Release|Any CPU
		{F0E570B7-12E7-424A-A912-FCF6C3FFC323}.Release|Any CPU.Build.0 = Release|Any CPU
		{5A54E58A-1F44-4AAB-A4BF-CC7E6B9668E1}.Debug|Any CPU.ActiveCfg = Debug|Any CPU
		{5A54E58A-1F44-4AAB-A4BF-CC7E6B9668E1}.Debug|Any CPU.Build.0 = Debug|Any CPU
		{5A54E58A-1F44-4AAB-A4BF-CC7E6B9668E1}.Release|Any CPU.ActiveCfg = Release|Any CPU
		{5A54E58A-1F44-4AAB-A4BF-CC7E6B9668E1}.Release|Any CPU.Build.0 = Release|Any CPU
	EndGlobalSection
	GlobalSection(SolutionProperties) = preSolution
		HideSolutionNode = FALSE
	EndGlobalSection
	GlobalSection(NestedProjects) = preSolution
		{3653D406-DBFB-48D2-ADA4-8DBA00BDADB7} = {0810A118-F6A2-46A9-A328-7194EA078705}
		{6C4BB3F8-7287-4C87-88D9-3A25940BBE37} = {0810A118-F6A2-46A9-A328-7194EA078705}
		{27FFE419-2D90-4181-BFF7-2D6E7CFC91A1} = {0810A118-F6A2-46A9-A328-7194EA078705}
		{E42A2C16-B31D-4E31-BE06-8A84A808D2BD} = {0810A118-F6A2-46A9-A328-7194EA078705}
		{5890EB28-7BDC-485B-AFCD-57A088DE47B6} = {B2D90BD4-E1FF-482C-8B1B-28D666BCAB3D}
		{1082D3A5-1C4C-4CD3-875C-CFCFBB5DF727} = {0810A118-F6A2-46A9-A328-7194EA078705}
		{EF20B853-AD51-4F4A-9DE9-498E014D85FE} = {B2D90BD4-E1FF-482C-8B1B-28D666BCAB3D}
		{0393629F-0527-4ED9-B165-F946A9E49D73} = {B2D90BD4-E1FF-482C-8B1B-28D666BCAB3D}
		{DA0205B4-1E7D-43F0-BF6A-BC8433137397} = {B2D90BD4-E1FF-482C-8B1B-28D666BCAB3D}
		{91D1C35C-9DB1-4492-9A25-E2D85BAA10D7} = {B2D90BD4-E1FF-482C-8B1B-28D666BCAB3D}
		{35F29769-E974-4F27-8901-7DB5AD9C1BBB} = {B2D90BD4-E1FF-482C-8B1B-28D666BCAB3D}
		{E9FD5B40-2AB8-495D-ABA2-875BD7F02A40} = {0A3C6658-C4EA-49D3-A0B7-5F1043DF8744}
		{A1F39FE5-A0E7-4BA1-9A21-7ABB3771AF9C} = {B2D90BD4-E1FF-482C-8B1B-28D666BCAB3D}
		{683B7230-E7AA-4AED-8058-83B76C809C19} = {B2D90BD4-E1FF-482C-8B1B-28D666BCAB3D}
		{0CAA23B0-4871-46FF-B06B-3EF56B147792} = {0A3C6658-C4EA-49D3-A0B7-5F1043DF8744}
		{7DDFFE75-C3F2-407D-A0AD-3D90A396C9B6} = {0A3C6658-C4EA-49D3-A0B7-5F1043DF8744}
		{9E2C2E37-ECCD-48D0-8A15-D4DBBA743209} = {0A3C6658-C4EA-49D3-A0B7-5F1043DF8744}
		{C93948DA-E5F1-4B74-A643-83EB7CF181BE} = {0A3C6658-C4EA-49D3-A0B7-5F1043DF8744}
		{59726BDD-932F-4156-B99A-DF8E13E4D0DC} = {0A3C6658-C4EA-49D3-A0B7-5F1043DF8744}
		{3822AC4A-D7F8-487F-98D2-5D4702885EE6} = {0A3C6658-C4EA-49D3-A0B7-5F1043DF8744}
		{88D30283-1533-41E2-8A9D-F1060A3B35E7} = {0A3C6658-C4EA-49D3-A0B7-5F1043DF8744}
		{DF892CB8-484D-4EB4-AC95-46EA1A852E58} = {0A3C6658-C4EA-49D3-A0B7-5F1043DF8744}
		{0080AC7D-FBEC-481A-B9B5-1A2AAC7ACAAC} = {0A3C6658-C4EA-49D3-A0B7-5F1043DF8744}
		{05D19A1D-66B4-4BDF-9034-25FD77815246} = {0A3C6658-C4EA-49D3-A0B7-5F1043DF8744}
		{9CFCA4FA-458B-4ECE-882E-551A5E5C6EE0} = {0A3C6658-C4EA-49D3-A0B7-5F1043DF8744}
		{BA4259E3-1CEF-432B-B668-0144E01C7496} = {B2D90BD4-E1FF-482C-8B1B-28D666BCAB3D}
		{1824F3DD-D39F-4BDA-BA2D-D03BCA54CAD7} = {0A3C6658-C4EA-49D3-A0B7-5F1043DF8744}
		{A76ACF78-8EA6-4068-979A-DA3D5CCA4B54} = {97806A24-D338-44F3-B1F0-A6AE9A8E6452}
		{AD0EE137-E7C8-4580-BBA3-9F07885135F5} = {97806A24-D338-44F3-B1F0-A6AE9A8E6452}
		{678249DC-9BEB-4D0F-9CE0-499B2B37194C} = {97806A24-D338-44F3-B1F0-A6AE9A8E6452}
		{B5F19F67-56D6-4612-B90A-89AE9FF85522} = {D341F4C3-4300-47AF-B531-88A33C727436}
		{19A482D1-C4D7-4592-9E6F-6D7602592E2B} = {D341F4C3-4300-47AF-B531-88A33C727436}
		{F106A3A7-91DD-4EEF-840B-2EA3A67E5AA7} = {97806A24-D338-44F3-B1F0-A6AE9A8E6452}
		{5A54E58A-1F44-4AAB-A4BF-CC7E6B9668E1} = {7CD39F92-9FFC-465B-8AF4-CD9835562A98}
	EndGlobalSection
	GlobalSection(ExtensibilityGlobals) = postSolution
		SolutionGuid = {2F11D668-17FD-429B-8951-BB453418EBBA}
	EndGlobalSection
EndGlobal
