
Microsoft Visual Studio Solution File, Format Version 12.00
# Visual Studio 15
VisualStudioVersion = 15.0.28307.705
MinimumVisualStudioVersion = 10.0.40219.1
Project("{FAE04EC0-301F-11D3-BF4B-00C04F79EFBC}") = "IF.Template.Api", "IF.Templates\IF.Template.Api\IF.Template.Api.csproj", "{6A664B6D-5198-4945-8DD0-71CAA5BFB339}"
EndProject
Project("{FAE04EC0-301F-11D3-BF4B-00C04F79EFBC}") = "IF.Template.Contract", "IF.Templates\IF.Template.Contract\IF.Template.Contract.csproj", "{8D8EC54F-47C2-4CB5-AF95-D4D92E14D1B2}"
EndProject
Project("{FAE04EC0-301F-11D3-BF4B-00C04F79EFBC}") = "IF.Template.Domain", "IF.Templates\IF.Template.Domain\IF.Template.Domain.csproj", "{D1DBA379-CDF2-4218-9980-EFE676D05B56}"
EndProject
Project("{FAE04EC0-301F-11D3-BF4B-00C04F79EFBC}") = "IF.Template.Persistence.EF", "IF.Templates\IF.Template.Persistence.EF\IF.Template.Persistence.EF.csproj", "{56125BB2-CA80-4A30-81CD-ADB442BEF2D2}"
EndProject
Global
	GlobalSection(SolutionConfigurationPlatforms) = preSolution
		Debug|Any CPU = Debug|Any CPU
		Release|Any CPU = Release|Any CPU
	EndGlobalSection
	GlobalSection(ProjectConfigurationPlatforms) = postSolution
		{6A664B6D-5198-4945-8DD0-71CAA5BFB339}.Debug|Any CPU.ActiveCfg = Debug|Any CPU
		{6A664B6D-5198-4945-8DD0-71CAA5BFB339}.Debug|Any CPU.Build.0 = Debug|Any CPU
		{6A664B6D-5198-4945-8DD0-71CAA5BFB339}.Release|Any CPU.ActiveCfg = Release|Any CPU
		{6A664B6D-5198-4945-8DD0-71CAA5BFB339}.Release|Any CPU.Build.0 = Release|Any CPU
		{8D8EC54F-47C2-4CB5-AF95-D4D92E14D1B2}.Debug|Any CPU.ActiveCfg = Debug|Any CPU
		{8D8EC54F-47C2-4CB5-AF95-D4D92E14D1B2}.Debug|Any CPU.Build.0 = Debug|Any CPU
		{8D8EC54F-47C2-4CB5-AF95-D4D92E14D1B2}.Release|Any CPU.ActiveCfg = Release|Any CPU
		{8D8EC54F-47C2-4CB5-AF95-D4D92E14D1B2}.Release|Any CPU.Build.0 = Release|Any CPU
		{D1DBA379-CDF2-4218-9980-EFE676D05B56}.Debug|Any CPU.ActiveCfg = Debug|Any CPU
		{D1DBA379-CDF2-4218-9980-EFE676D05B56}.Debug|Any CPU.Build.0 = Debug|Any CPU
		{D1DBA379-CDF2-4218-9980-EFE676D05B56}.Release|Any CPU.ActiveCfg = Release|Any CPU
		{D1DBA379-CDF2-4218-9980-EFE676D05B56}.Release|Any CPU.Build.0 = Release|Any CPU
		{56125BB2-CA80-4A30-81CD-ADB442BEF2D2}.Debug|Any CPU.ActiveCfg = Debug|Any CPU
		{56125BB2-CA80-4A30-81CD-ADB442BEF2D2}.Debug|Any CPU.Build.0 = Debug|Any CPU
		{56125BB2-CA80-4A30-81CD-ADB442BEF2D2}.Release|Any CPU.ActiveCfg = Release|Any CPU
		{56125BB2-CA80-4A30-81CD-ADB442BEF2D2}.Release|Any CPU.Build.0 = Release|Any CPU
	EndGlobalSection
	GlobalSection(SolutionProperties) = preSolution
		HideSolutionNode = FALSE
	EndGlobalSection
	GlobalSection(ExtensibilityGlobals) = postSolution
		SolutionGuid = {5392C868-8F16-400B-B0A8-BF6316430F64}
	EndGlobalSection
EndGlobal
